
Microsoft Visual Studio Solution File, Format Version 12.00
# Visual Studio Version 17
VisualStudioVersion = 17.0.31903.59
MinimumVisualStudioVersion = 10.0.40219.1
Project("{2150E333-8FDC-42A3-9474-1A3956D46DE8}") = "src", "src", "{827E0CD3-B72D-47B6-A68D-7590B98EB39B}"
EndProject
Project("{FAE04EC0-301F-11D3-BF4B-00C04F79EFBC}") = "OrigamiMaster.API", "src\OrigamiMaster.API\OrigamiMaster.API.csproj", "{141D5543-E754-42D9-9625-9E9F272A9B8B}"
EndProject
Project("{FAE04EC0-301F-11D3-BF4B-00C04F79EFBC}") = "OrigamiMaster.Application", "src\OrigamiMaster.Application\OrigamiMaster.Application.csproj", "{22A21046-0003-4C2D-ABA1-5B81461B8CD6}"
EndProject
Project("{FAE04EC0-301F-11D3-BF4B-00C04F79EFBC}") = "OrigamiMaster.Domain", "src\OrigamiMaster.Domain\OrigamiMaster.Domain.csproj", "{EE3E379C-DFFB-4C93-8B58-5D0CADDC97C2}"
EndProject
Project("{FAE04EC0-301F-11D3-BF4B-00C04F79EFBC}") = "OrigamiMaster.Domain.Tests", "src\OrigamiMaster.Domain.Tests\OrigamiMaster.Domain.Tests.csproj", "{A0AAF617-5FE6-4223-B261-18DC092A736B}"
EndProject
Project("{FAE04EC0-301F-11D3-BF4B-00C04F79EFBC}") = "OrigamiMaster.Infrastructure", "src\OrigamiMaster.Infrastructure\OrigamiMaster.Infrastructure.csproj", "{F3029676-E1EA-4444-A94E-0BBB416643A0}"
EndProject
Project("{2150E333-8FDC-42A3-9474-1A3956D46DE8}") = "tests", "tests", "{0AB3BF05-4346-4AA6-1389-037BE0695223}"
EndProject
Project("{FAE04EC0-301F-11D3-BF4B-00C04F79EFBC}") = "OrigamiMaster.UnitTests", "tests\OrigamiMaster.UnitTests\OrigamiMaster.UnitTests.csproj", "{F472C951-203A-480D-820F-C77070802628}"
EndProject
Project("{FAE04EC0-301F-11D3-BF4B-00C04F79EFBC}") = "OrigamiMaster.IntegrationTests", "tests\OrigamiMaster.IntegrationTests\OrigamiMaster.IntegrationTests.csproj", "{47D34F26-6EAB-4C51-81E3-BA64F781DBA0}"
EndProject
Project("{FAE04EC0-301F-11D3-BF4B-00C04F79EFBC}") = "OrigamiMaster.ArchitectureTests", "tests\OrigamiMaster.ArchitectureTests\OrigamiMaster.ArchitectureTests.csproj", "{AE72B7CE-1E10-4787-A2C6-523A948E3A92}"
EndProject
Global
	GlobalSection(SolutionConfigurationPlatforms) = preSolution
		Debug|Any CPU = Debug|Any CPU
		Debug|x64 = Debug|x64
		Debug|x86 = Debug|x86
		Release|Any CPU = Release|Any CPU
		Release|x64 = Release|x64
		Release|x86 = Release|x86
	EndGlobalSection
	GlobalSection(ProjectConfigurationPlatforms) = postSolution
		{141D5543-E754-42D9-9625-9E9F272A9B8B}.Debug|Any CPU.ActiveCfg = Debug|Any CPU
		{141D5543-E754-42D9-9625-9E9F272A9B8B}.Debug|Any CPU.Build.0 = Debug|Any CPU
		{141D5543-E754-42D9-9625-9E9F272A9B8B}.Debug|x64.ActiveCfg = Debug|Any CPU
		{141D5543-E754-42D9-9625-9E9F272A9B8B}.Debug|x64.Build.0 = Debug|Any CPU
		{141D5543-E754-42D9-9625-9E9F272A9B8B}.Debug|x86.ActiveCfg = Debug|Any CPU
		{141D5543-E754-42D9-9625-9E9F272A9B8B}.Debug|x86.Build.0 = Debug|Any CPU
		{141D5543-E754-42D9-9625-9E9F272A9B8B}.Release|Any CPU.ActiveCfg = Release|Any CPU
		{141D5543-E754-42D9-9625-9E9F272A9B8B}.Release|Any CPU.Build.0 = Release|Any CPU
		{141D5543-E754-42D9-9625-9E9F272A9B8B}.Release|x64.ActiveCfg = Release|Any CPU
		{141D5543-E754-42D9-9625-9E9F272A9B8B}.Release|x64.Build.0 = Release|Any CPU
		{141D5543-E754-42D9-9625-9E9F272A9B8B}.Release|x86.ActiveCfg = Release|Any CPU
		{141D5543-E754-42D9-9625-9E9F272A9B8B}.Release|x86.Build.0 = Release|Any CPU
		{22A21046-0003-4C2D-ABA1-5B81461B8CD6}.Debug|Any CPU.ActiveCfg = Debug|Any CPU
		{22A21046-0003-4C2D-ABA1-5B81461B8CD6}.Debug|Any CPU.Build.0 = Debug|Any CPU
		{22A21046-0003-4C2D-ABA1-5B81461B8CD6}.Debug|x64.ActiveCfg = Debug|Any CPU
		{22A21046-0003-4C2D-ABA1-5B81461B8CD6}.Debug|x64.Build.0 = Debug|Any CPU
		{22A21046-0003-4C2D-ABA1-5B81461B8CD6}.Debug|x86.ActiveCfg = Debug|Any CPU
		{22A21046-0003-4C2D-ABA1-5B81461B8CD6}.Debug|x86.Build.0 = Debug|Any CPU
		{22A21046-0003-4C2D-ABA1-5B81461B8CD6}.Release|Any CPU.ActiveCfg = Release|Any CPU
		{22A21046-0003-4C2D-ABA1-5B81461B8CD6}.Release|Any CPU.Build.0 = Release|Any CPU
		{22A21046-0003-4C2D-ABA1-5B81461B8CD6}.Release|x64.ActiveCfg = Release|Any CPU
		{22A21046-0003-4C2D-ABA1-5B81461B8CD6}.Release|x64.Build.0 = Release|Any CPU
		{22A21046-0003-4C2D-ABA1-5B81461B8CD6}.Release|x86.ActiveCfg = Release|Any CPU
		{22A21046-0003-4C2D-ABA1-5B81461B8CD6}.Release|x86.Build.0 = Release|Any CPU
		{EE3E379C-DFFB-4C93-8B58-5D0CADDC97C2}.Debug|Any CPU.ActiveCfg = Debug|Any CPU
		{EE3E379C-DFFB-4C93-8B58-5D0CADDC97C2}.Debug|Any CPU.Build.0 = Debug|Any CPU
		{EE3E379C-DFFB-4C93-8B58-5D0CADDC97C2}.Debug|x64.ActiveCfg = Debug|Any CPU
		{EE3E379C-DFFB-4C93-8B58-5D0CADDC97C2}.Debug|x64.Build.0 = Debug|Any CPU
		{EE3E379C-DFFB-4C93-8B58-5D0CADDC97C2}.Debug|x86.ActiveCfg = Debug|Any CPU
		{EE3E379C-DFFB-4C93-8B58-5D0CADDC97C2}.Debug|x86.Build.0 = Debug|Any CPU
		{EE3E379C-DFFB-4C93-8B58-5D0CADDC97C2}.Release|Any CPU.ActiveCfg = Release|Any CPU
		{EE3E379C-DFFB-4C93-8B58-5D0CADDC97C2}.Release|Any CPU.Build.0 = Release|Any CPU
		{EE3E379C-DFFB-4C93-8B58-5D0CADDC97C2}.Release|x64.ActiveCfg = Release|Any CPU
		{EE3E379C-DFFB-4C93-8B58-5D0CADDC97C2}.Release|x64.Build.0 = Release|Any CPU
		{EE3E379C-DFFB-4C93-8B58-5D0CADDC97C2}.Release|x86.ActiveCfg = Release|Any CPU
		{EE3E379C-DFFB-4C93-8B58-5D0CADDC97C2}.Release|x86.Build.0 = Release|Any CPU
		{A0AAF617-5FE6-4223-B261-18DC092A736B}.Debug|Any CPU.ActiveCfg = Debug|Any CPU
		{A0AAF617-5FE6-4223-B261-18DC092A736B}.Debug|Any CPU.Build.0 = Debug|Any CPU
		{A0AAF617-5FE6-4223-B261-18DC092A736B}.Debug|x64.ActiveCfg = Debug|Any CPU
		{A0AAF617-5FE6-4223-B261-18DC092A736B}.Debug|x64.Build.0 = Debug|Any CPU
		{A0AAF617-5FE6-4223-B261-18DC092A736B}.Debug|x86.ActiveCfg = Debug|Any CPU
		{A0AAF617-5FE6-4223-B261-18DC092A736B}.Debug|x86.Build.0 = Debug|Any CPU
		{A0AAF617-5FE6-4223-B261-18DC092A736B}.Release|Any CPU.ActiveCfg = Release|Any CPU
		{A0AAF617-5FE6-4223-B261-18DC092A736B}.Release|Any CPU.Build.0 = Release|Any CPU
		{A0AAF617-5FE6-4223-B261-18DC092A736B}.Release|x64.ActiveCfg = Release|Any CPU
		{A0AAF617-5FE6-4223-B261-18DC092A736B}.Release|x64.Build.0 = Release|Any CPU
		{A0AAF617-5FE6-4223-B261-18DC092A736B}.Release|x86.ActiveCfg = Release|Any CPU
		{A0AAF617-5FE6-4223-B261-18DC092A736B}.Release|x86.Build.0 = Release|Any CPU
		{F3029676-E1EA-4444-A94E-0BBB416643A0}.Debug|Any CPU.ActiveCfg = Debug|Any CPU
		{F3029676-E1EA-4444-A94E-0BBB416643A0}.Debug|Any CPU.Build.0 = Debug|Any CPU
		{F3029676-E1EA-4444-A94E-0BBB416643A0}.Debug|x64.ActiveCfg = Debug|Any CPU
		{F3029676-E1EA-4444-A94E-0BBB416643A0}.Debug|x64.Build.0 = Debug|Any CPU
		{F3029676-E1EA-4444-A94E-0BBB416643A0}.Debug|x86.ActiveCfg = Debug|Any CPU
		{F3029676-E1EA-4444-A94E-0BBB416643A0}.Debug|x86.Build.0 = Debug|Any CPU
		{F3029676-E1EA-4444-A94E-0BBB416643A0}.Release|Any CPU.ActiveCfg = Release|Any CPU
		{F3029676-E1EA-4444-A94E-0BBB416643A0}.Release|Any CPU.Build.0 = Release|Any CPU
		{F3029676-E1EA-4444-A94E-0BBB416643A0}.Release|x64.ActiveCfg = Release|Any CPU
		{F3029676-E1EA-4444-A94E-0BBB416643A0}.Release|x64.Build.0 = Release|Any CPU
		{F3029676-E1EA-4444-A94E-0BBB416643A0}.Release|x86.ActiveCfg = Release|Any CPU
		{F3029676-E1EA-4444-A94E-0BBB416643A0}.Release|x86.Build.0 = Release|Any CPU
		{F472C951-203A-480D-820F-C77070802628}.Debug|Any CPU.ActiveCfg = Debug|Any CPU
		{F472C951-203A-480D-820F-C77070802628}.Debug|Any CPU.Build.0 = Debug|Any CPU
		{F472C951-203A-480D-820F-C77070802628}.Debug|x64.ActiveCfg = Debug|Any CPU
		{F472C951-203A-480D-820F-C77070802628}.Debug|x64.Build.0 = Debug|Any CPU
		{F472C951-203A-480D-820F-C77070802628}.Debug|x86.ActiveCfg = Debug|Any CPU
		{F472C951-203A-480D-820F-C77070802628}.Debug|x86.Build.0 = Debug|Any CPU
		{F472C951-203A-480D-820F-C77070802628}.Release|Any CPU.ActiveCfg = Release|Any CPU
		{F472C951-203A-480D-820F-C77070802628}.Release|Any CPU.Build.0 = Release|Any CPU
		{F472C951-203A-480D-820F-C77070802628}.Release|x64.ActiveCfg = Release|Any CPU
		{F472C951-203A-480D-820F-C77070802628}.Release|x64.Build.0 = Release|Any CPU
		{F472C951-203A-480D-820F-C77070802628}.Release|x86.ActiveCfg = Release|Any CPU
		{F472C951-203A-480D-820F-C77070802628}.Release|x86.Build.0 = Release|Any CPU
		{47D34F26-6EAB-4C51-81E3-BA64F781DBA0}.Debug|Any CPU.ActiveCfg = Debug|Any CPU
		{47D34F26-6EAB-4C51-81E3-BA64F781DBA0}.Debug|Any CPU.Build.0 = Debug|Any CPU
		{47D34F26-6EAB-4C51-81E3-BA64F781DBA0}.Debug|x64.ActiveCfg = Debug|Any CPU
		{47D34F26-6EAB-4C51-81E3-BA64F781DBA0}.Debug|x64.Build.0 = Debug|Any CPU
		{47D34F26-6EAB-4C51-81E3-BA64F781DBA0}.Debug|x86.ActiveCfg = Debug|Any CPU
		{47D34F26-6EAB-4C51-81E3-BA64F781DBA0}.Debug|x86.Build.0 = Debug|Any CPU
		{47D34F26-6EAB-4C51-81E3-BA64F781DBA0}.Release|Any CPU.ActiveCfg = Release|Any CPU
		{47D34F26-6EAB-4C51-81E3-BA64F781DBA0}.Release|Any CPU.Build.0 = Release|Any CPU
		{47D34F26-6EAB-4C51-81E3-BA64F781DBA0}.Release|x64.ActiveCfg = Release|Any CPU
		{47D34F26-6EAB-4C51-81E3-BA64F781DBA0}.Release|x64.Build.0 = Release|Any CPU
		{47D34F26-6EAB-4C51-81E3-BA64F781DBA0}.Release|x86.ActiveCfg = Release|Any CPU
		{47D34F26-6EAB-4C51-81E3-BA64F781DBA0}.Release|x86.Build.0 = Release|Any CPU
		{AE72B7CE-1E10-4787-A2C6-523A948E3A92}.Debug|Any CPU.ActiveCfg = Debug|Any CPU
		{AE72B7CE-1E10-4787-A2C6-523A948E3A92}.Debug|Any CPU.Build.0 = Debug|Any CPU
		{AE72B7CE-1E10-4787-A2C6-523A948E3A92}.Debug|x64.ActiveCfg = Debug|Any CPU
		{AE72B7CE-1E10-4787-A2C6-523A948E3A92}.Debug|x64.Build.0 = Debug|Any CPU
		{AE72B7CE-1E10-4787-A2C6-523A948E3A92}.Debug|x86.ActiveCfg = Debug|Any CPU
		{AE72B7CE-1E10-4787-A2C6-523A948E3A92}.Debug|x86.Build.0 = Debug|Any CPU
		{AE72B7CE-1E10-4787-A2C6-523A948E3A92}.Release|Any CPU.ActiveCfg = Release|Any CPU
		{AE72B7CE-1E10-4787-A2C6-523A948E3A92}.Release|Any CPU.Build.0 = Release|Any CPU
		{AE72B7CE-1E10-4787-A2C6-523A948E3A92}.Release|x64.ActiveCfg = Release|Any CPU
		{AE72B7CE-1E10-4787-A2C6-523A948E3A92}.Release|x64.Build.0 = Release|Any CPU
		{AE72B7CE-1E10-4787-A2C6-523A948E3A92}.Release|x86.ActiveCfg = Release|Any CPU
		{AE72B7CE-1E10-4787-A2C6-523A948E3A92}.Release|x86.Build.0 = Release|Any CPU
	EndGlobalSection
	GlobalSection(SolutionProperties) = preSolution
		HideSolutionNode = FALSE
	EndGlobalSection
	GlobalSection(NestedProjects) = preSolution
		{141D5543-E754-42D9-9625-9E9F272A9B8B} = {827E0CD3-B72D-47B6-A68D-7590B98EB39B}
		{22A21046-0003-4C2D-ABA1-5B81461B8CD6} = {827E0CD3-B72D-47B6-A68D-7590B98EB39B}
		{EE3E379C-DFFB-4C93-8B58-5D0CADDC97C2} = {827E0CD3-B72D-47B6-A68D-7590B98EB39B}
		{A0AAF617-5FE6-4223-B261-18DC092A736B} = {827E0CD3-B72D-47B6-A68D-7590B98EB39B}
		{F3029676-E1EA-4444-A94E-0BBB416643A0} = {827E0CD3-B72D-47B6-A68D-7590B98EB39B}
		{F472C951-203A-480D-820F-C77070802628} = {0AB3BF05-4346-4AA6-1389-037BE0695223}
		{47D34F26-6EAB-4C51-81E3-BA64F781DBA0} = {0AB3BF05-4346-4AA6-1389-037BE0695223}
		{AE72B7CE-1E10-4787-A2C6-523A948E3A92} = {0AB3BF05-4346-4AA6-1389-037BE0695223}
	EndGlobalSection
EndGlobal
